
Microsoft Visual Studio Solution File, Format Version 12.00
# Visual Studio 15
VisualStudioVersion = 15.0.26124.0
MinimumVisualStudioVersion = 15.0.26124.0
Project("{FAE04EC0-301F-11D3-BF4B-00C04F79EFBC}") = "AdventOfCode", "AdventOfCode\AdventOfCode.csproj", "{8064CE75-2905-4B2E-A3C0-B3BB2EF48711}"
EndProject
Project("{FAE04EC0-301F-11D3-BF4B-00C04F79EFBC}") = "AdventOfCode.Tests", "AdventOfCode.Tests\AdventOfCode.Tests.csproj", "{92DA8B9D-00FF-4D4B-9DA1-04183C8AD2BF}"
EndProject
Project("{FAE04EC0-301F-11D3-BF4B-00C04F79EFBC}") = "ConsoleRunner", "ConsoleRunner\ConsoleRunner.csproj", "{ED73C4F1-84B0-446B-A5FC-69FB43F49488}"
EndProject
Global
	GlobalSection(SolutionConfigurationPlatforms) = preSolution
		Debug|Any CPU = Debug|Any CPU
		Debug|x64 = Debug|x64
		Debug|x86 = Debug|x86
		Release|Any CPU = Release|Any CPU
		Release|x64 = Release|x64
		Release|x86 = Release|x86
	EndGlobalSection
	GlobalSection(ProjectConfigurationPlatforms) = postSolution
		{8064CE75-2905-4B2E-A3C0-B3BB2EF48711}.Debug|Any CPU.ActiveCfg = Debug|Any CPU
		{8064CE75-2905-4B2E-A3C0-B3BB2EF48711}.Debug|Any CPU.Build.0 = Debug|Any CPU
		{8064CE75-2905-4B2E-A3C0-B3BB2EF48711}.Debug|x64.ActiveCfg = Debug|Any CPU
		{8064CE75-2905-4B2E-A3C0-B3BB2EF48711}.Debug|x64.Build.0 = Debug|Any CPU
		{8064CE75-2905-4B2E-A3C0-B3BB2EF48711}.Debug|x86.ActiveCfg = Debug|Any CPU
		{8064CE75-2905-4B2E-A3C0-B3BB2EF48711}.Debug|x86.Build.0 = Debug|Any CPU
		{8064CE75-2905-4B2E-A3C0-B3BB2EF48711}.Release|Any CPU.ActiveCfg = Release|Any CPU
		{8064CE75-2905-4B2E-A3C0-B3BB2EF48711}.Release|Any CPU.Build.0 = Release|Any CPU
		{8064CE75-2905-4B2E-A3C0-B3BB2EF48711}.Release|x64.ActiveCfg = Release|Any CPU
		{8064CE75-2905-4B2E-A3C0-B3BB2EF48711}.Release|x64.Build.0 = Release|Any CPU
		{8064CE75-2905-4B2E-A3C0-B3BB2EF48711}.Release|x86.ActiveCfg = Release|Any CPU
		{8064CE75-2905-4B2E-A3C0-B3BB2EF48711}.Release|x86.Build.0 = Release|Any CPU
		{92DA8B9D-00FF-4D4B-9DA1-04183C8AD2BF}.Debug|Any CPU.ActiveCfg = Debug|Any CPU
		{92DA8B9D-00FF-4D4B-9DA1-04183C8AD2BF}.Debug|Any CPU.Build.0 = Debug|Any CPU
		{92DA8B9D-00FF-4D4B-9DA1-04183C8AD2BF}.Debug|x64.ActiveCfg = Debug|Any CPU
		{92DA8B9D-00FF-4D4B-9DA1-04183C8AD2BF}.Debug|x64.Build.0 = Debug|Any CPU
		{92DA8B9D-00FF-4D4B-9DA1-04183C8AD2BF}.Debug|x86.ActiveCfg = Debug|Any CPU
		{92DA8B9D-00FF-4D4B-9DA1-04183C8AD2BF}.Debug|x86.Build.0 = Debug|Any CPU
		{92DA8B9D-00FF-4D4B-9DA1-04183C8AD2BF}.Release|Any CPU.ActiveCfg = Release|Any CPU
		{92DA8B9D-00FF-4D4B-9DA1-04183C8AD2BF}.Release|Any CPU.Build.0 = Release|Any CPU
		{92DA8B9D-00FF-4D4B-9DA1-04183C8AD2BF}.Release|x64.ActiveCfg = Release|Any CPU
		{92DA8B9D-00FF-4D4B-9DA1-04183C8AD2BF}.Release|x64.Build.0 = Release|Any CPU
		{92DA8B9D-00FF-4D4B-9DA1-04183C8AD2BF}.Release|x86.ActiveCfg = Release|Any CPU
		{92DA8B9D-00FF-4D4B-9DA1-04183C8AD2BF}.Release|x86.Build.0 = Release|Any CPU
		{ED73C4F1-84B0-446B-A5FC-69FB43F49488}.Debug|Any CPU.ActiveCfg = Debug|Any CPU
		{ED73C4F1-84B0-446B-A5FC-69FB43F49488}.Debug|Any CPU.Build.0 = Debug|Any CPU
		{ED73C4F1-84B0-446B-A5FC-69FB43F49488}.Debug|x64.ActiveCfg = Debug|Any CPU
		{ED73C4F1-84B0-446B-A5FC-69FB43F49488}.Debug|x64.Build.0 = Debug|Any CPU
		{ED73C4F1-84B0-446B-A5FC-69FB43F49488}.Debug|x86.ActiveCfg = Debug|Any CPU
		{ED73C4F1-84B0-446B-A5FC-69FB43F49488}.Debug|x86.Build.0 = Debug|Any CPU
		{ED73C4F1-84B0-446B-A5FC-69FB43F49488}.Release|Any CPU.ActiveCfg = Release|Any CPU
		{ED73C4F1-84B0-446B-A5FC-69FB43F49488}.Release|Any CPU.Build.0 = Release|Any CPU
		{ED73C4F1-84B0-446B-A5FC-69FB43F49488}.Release|x64.ActiveCfg = Release|Any CPU
		{ED73C4F1-84B0-446B-A5FC-69FB43F49488}.Release|x64.Build.0 = Release|Any CPU
		{ED73C4F1-84B0-446B-A5FC-69FB43F49488}.Release|x86.ActiveCfg = Release|Any CPU
		{ED73C4F1-84B0-446B-A5FC-69FB43F49488}.Release|x86.Build.0 = Release|Any CPU
	EndGlobalSection
	GlobalSection(SolutionProperties) = preSolution
		HideSolutionNode = FALSE
	EndGlobalSection
	GlobalSection(ExtensibilityGlobals) = postSolution
		SolutionGuid = {F6FC9642-DC7A-4C91-A7AA-7D8E7B77C19B}
	EndGlobalSection
EndGlobal
